// !$*UTF8*$!
{
	archiveVersion = 1;
	classes = {
	};
	objectVersion = 46;
	objects = {

/* Begin PBXBuildFile section */
		112B79081946FD9200558BE1 /* Social.framework in Frameworks */ = {isa = PBXBuildFile; fileRef = 112B79071946FD9200558BE1 /* Social.framework */; };
		112B790D1947015E00558BE1 /* x-mark.png in Resources */ = {isa = PBXBuildFile; fileRef = 2858DA5B1944D65C00BDAB3A /* x-mark.png */; };
		112B790F1947019C00558BE1 /* x-mark@2x.png in Resources */ = {isa = PBXBuildFile; fileRef = 2858DA5C1944D65C00BDAB3A /* x-mark@2x.png */; };
		280657AC18910008007AAB22 /* UIBarButtonItem+_projectButtons.m in Sources */ = {isa = PBXBuildFile; fileRef = 280657AB18910008007AAB22 /* UIBarButtonItem+_projectButtons.m */; };
		28070C5D18911E2900D465CA /* LTPhotoDetailViewController.m in Sources */ = {isa = PBXBuildFile; fileRef = 28070C5B18911E2900D465CA /* LTPhotoDetailViewController.m */; };
		28070C5E18911E2900D465CA /* LTPhotoDetailViewController.xib in Resources */ = {isa = PBXBuildFile; fileRef = 28070C5C18911E2900D465CA /* LTPhotoDetailViewController.xib */; };
		280EE1AC198B42AA0063C791 /* iconmonstr-key-8-icon-24.png in Resources */ = {isa = PBXBuildFile; fileRef = 280EE1AA198B42AA0063C791 /* iconmonstr-key-8-icon-24.png */; };
		280EE1AD198B42AA0063C791 /* iconmonstr-key-8-icon-32.png in Resources */ = {isa = PBXBuildFile; fileRef = 280EE1AB198B42AA0063C791 /* iconmonstr-key-8-icon-32.png */; };
		28195040198BDD5E001AE270 /* iconmonstr-key-8-icon-40.png in Resources */ = {isa = PBXBuildFile; fileRef = 2819503E198BDD5E001AE270 /* iconmonstr-key-8-icon-40.png */; };
		28195041198BDD5E001AE270 /* iconmonstr-user-3-icon-40.png in Resources */ = {isa = PBXBuildFile; fileRef = 2819503F198BDD5E001AE270 /* iconmonstr-user-3-icon-40.png */; };
		28195043198BE32F001AE270 /* iconmonstr-key-7-icon-48.png in Resources */ = {isa = PBXBuildFile; fileRef = 28195042198BE32F001AE270 /* iconmonstr-key-7-icon-48.png */; };
		281E7AB0188EA66800C85066 /* 37x-Checkmark.png in Resources */ = {isa = PBXBuildFile; fileRef = 281E7A8A188EA66800C85066 /* 37x-Checkmark.png */; };
		281E7AB4188EA66800C85066 /* buriedlogo_250height.png in Resources */ = {isa = PBXBuildFile; fileRef = 281E7A92188EA66800C85066 /* buriedlogo_250height.png */; };
		281E7AB5188EA66800C85066 /* Crowd.jpg in Resources */ = {isa = PBXBuildFile; fileRef = 281E7A93188EA66800C85066 /* Crowd.jpg */; };
		281E7AB6188EA66800C85066 /* Default-568h@2x.png in Resources */ = {isa = PBXBuildFile; fileRef = 281E7A94188EA66800C85066 /* Default-568h@2x.png */; };
		281E7AB7188EA66800C85066 /* Default.png in Resources */ = {isa = PBXBuildFile; fileRef = 281E7A95188EA66800C85066 /* Default.png */; };
		281E7AB8188EA66800C85066 /* Default@2x.png in Resources */ = {isa = PBXBuildFile; fileRef = 281E7A96188EA66800C85066 /* Default@2x.png */; };
		281E7AB9188EA66800C85066 /* Desert.jpg in Resources */ = {isa = PBXBuildFile; fileRef = 281E7A97188EA66800C85066 /* Desert.jpg */; };
		281E7ABB188EA66800C85066 /* ParseIcon.png in Resources */ = {isa = PBXBuildFile; fileRef = 281E7A9B188EA66800C85066 /* ParseIcon.png */; };
		281E7ABC188EA66800C85066 /* ParseIcon@2x.png in Resources */ = {isa = PBXBuildFile; fileRef = 281E7A9C188EA66800C85066 /* ParseIcon@2x.png */; };
		281E7ABE188EA66800C85066 /* Lime.jpg in Resources */ = {isa = PBXBuildFile; fileRef = 281E7A9E188EA66800C85066 /* Lime.jpg */; };
		281E7ABF188EA66800C85066 /* login-button-small-pressed.png in Resources */ = {isa = PBXBuildFile; fileRef = 281E7A9F188EA66800C85066 /* login-button-small-pressed.png */; };
		281E7AC0188EA66800C85066 /* login-button-small-pressed@2x.png in Resources */ = {isa = PBXBuildFile; fileRef = 281E7AA0188EA66800C85066 /* login-button-small-pressed@2x.png */; };
		281E7AC1188EA66800C85066 /* login-button-small.png in Resources */ = {isa = PBXBuildFile; fileRef = 281E7AA1188EA66800C85066 /* login-button-small.png */; };
		281E7AC2188EA66800C85066 /* login-button-small@2x.png in Resources */ = {isa = PBXBuildFile; fileRef = 281E7AA2188EA66800C85066 /* login-button-small@2x.png */; };
		281E7AC3188EA66800C85066 /* LTAppDelegate.m in Sources */ = {isa = PBXBuildFile; fileRef = 281E7AA4188EA66800C85066 /* LTAppDelegate.m */; };
		281E7AC4188EA66800C85066 /* LTBuryItViewController.m in Sources */ = {isa = PBXBuildFile; fileRef = 281E7AA6188EA66800C85066 /* LTBuryItViewController.m */; };
		281E7AC5188EA66800C85066 /* LTBuryItViewController.xib in Resources */ = {isa = PBXBuildFile; fileRef = 281E7AA7188EA66800C85066 /* LTBuryItViewController.xib */; };
		281E7AC8188EA66800C85066 /* main.m in Sources */ = {isa = PBXBuildFile; fileRef = 281E7AAB188EA66800C85066 /* main.m */; };
		281E7ACA188EA66800C85066 /* ParseLogo.jpg in Resources */ = {isa = PBXBuildFile; fileRef = 281E7AAE188EA66800C85066 /* ParseLogo.jpg */; };
		281E7ACB188EA66800C85066 /* Sunflowers.jpg in Resources */ = {isa = PBXBuildFile; fileRef = 281E7AAF188EA66800C85066 /* Sunflowers.jpg */; };
		2821DFC8198B3879002E23D5 /* iconmonstr-key-8-icon-48.png in Resources */ = {isa = PBXBuildFile; fileRef = 2821DFC0198B3879002E23D5 /* iconmonstr-key-8-icon-48.png */; };
		2821DFC9198B3879002E23D5 /* iconmonstr-key-8-icon-64.png in Resources */ = {isa = PBXBuildFile; fileRef = 2821DFC1198B3879002E23D5 /* iconmonstr-key-8-icon-64.png */; };
		2821DFCA198B3879002E23D5 /* iconmonstr-user-3-icon-24.png in Resources */ = {isa = PBXBuildFile; fileRef = 2821DFC2198B3879002E23D5 /* iconmonstr-user-3-icon-24.png */; };
		2821DFCB198B3879002E23D5 /* iconmonstr-user-3-icon-32.png in Resources */ = {isa = PBXBuildFile; fileRef = 2821DFC3198B3879002E23D5 /* iconmonstr-user-3-icon-32.png */; };
		2821DFCC198B3879002E23D5 /* iconmonstr-user-3-icon-48.png in Resources */ = {isa = PBXBuildFile; fileRef = 2821DFC4198B3879002E23D5 /* iconmonstr-user-3-icon-48.png */; };
		2821DFCD198B3879002E23D5 /* iconmonstr-user-3-icon-64.png in Resources */ = {isa = PBXBuildFile; fileRef = 2821DFC5198B3879002E23D5 /* iconmonstr-user-3-icon-64.png */; };
		2821DFCE198B3879002E23D5 /* key.png in Resources */ = {isa = PBXBuildFile; fileRef = 2821DFC6198B3879002E23D5 /* key.png */; };
		2833B0701975129E00274469 /* LTAdminTableViewController.m in Sources */ = {isa = PBXBuildFile; fileRef = 2833B06F1975129E00274469 /* LTAdminTableViewController.m */; };
		283949FF1978A44E0067833B /* LTForm.m in Sources */ = {isa = PBXBuildFile; fileRef = 283949FE1978A44E0067833B /* LTForm.m */; };
		284B2D0818AC4A9000BB976F /* FPViewController.m in Sources */ = {isa = PBXBuildFile; fileRef = 284B2D0618AC4A9000BB976F /* FPViewController.m */; };
		284B2D0918AC4A9000BB976F /* FPViewController_iPhone.xib in Resources */ = {isa = PBXBuildFile; fileRef = 284B2D0718AC4A9000BB976F /* FPViewController_iPhone.xib */; };
		2852DD11198E40AA00225EB5 /* buriediconcircleshine_37.png in Resources */ = {isa = PBXBuildFile; fileRef = 2852DD10198E40AA00225EB5 /* buriediconcircleshine_37.png */; };
		2852DD13198E43E200225EB5 /* iconmonstr-smiley-wink-icon-48_MB.png in Resources */ = {isa = PBXBuildFile; fileRef = 2852DD12198E43E200225EB5 /* iconmonstr-smiley-wink-icon-48_MB.png */; };
		2852DD15198E5DF100225EB5 /* iconmonstr-quote-15-icon-37_MB.png in Resources */ = {isa = PBXBuildFile; fileRef = 2852DD14198E5DF100225EB5 /* iconmonstr-quote-15-icon-37_MB.png */; };
		2852DD17198E5EAD00225EB5 /* iconmonstr-smiley-scared-icon-37_MB.png in Resources */ = {isa = PBXBuildFile; fileRef = 2852DD16198E5EAD00225EB5 /* iconmonstr-smiley-scared-icon-37_MB.png */; };
		2852DD19198E5F1B00225EB5 /* iconmonstr-smiley-confused-icon-37_MB.png in Resources */ = {isa = PBXBuildFile; fileRef = 2852DD18198E5F1B00225EB5 /* iconmonstr-smiley-confused-icon-37_MB.png */; };
		2858DA571944C33900BDAB3A /* LTStartScreenViewController.m in Sources */ = {isa = PBXBuildFile; fileRef = 2858DA551944C33900BDAB3A /* LTStartScreenViewController.m */; };
		2858DA581944C33900BDAB3A /* LTStartScreenViewController.xib in Resources */ = {isa = PBXBuildFile; fileRef = 2858DA561944C33900BDAB3A /* LTStartScreenViewController.xib */; };
		286D080218CB647E000B5EBE /* grassToolbar.png in Resources */ = {isa = PBXBuildFile; fileRef = 286D080118CB647E000B5EBE /* grassToolbar.png */; };
		286E641818C30D3400CDB033 /* UIImage+ResizeAdditions.m in Sources */ = {isa = PBXBuildFile; fileRef = 286E641318C30D3400CDB033 /* UIImage+ResizeAdditions.m */; };
		286E641918C30D3400CDB033 /* UIImage+AlphaAdditions.m in Sources */ = {isa = PBXBuildFile; fileRef = 286E641518C30D3400CDB033 /* UIImage+AlphaAdditions.m */; };
		286E641A18C30D3400CDB033 /* UIImage+RoundedCornerAdditions.m in Sources */ = {isa = PBXBuildFile; fileRef = 286E641718C30D3400CDB033 /* UIImage+RoundedCornerAdditions.m */; };
		28763EA81924F5940076A636 /* buried_text_250x94.png in Resources */ = {isa = PBXBuildFile; fileRef = 28763EA71924F5940076A636 /* buried_text_250x94.png */; };
		287BB8E819248FD4007DAA32 /* LTThoughtDetailViewController.m in Sources */ = {isa = PBXBuildFile; fileRef = 287BB8E619248FD4007DAA32 /* LTThoughtDetailViewController.m */; };
		287BB8E919248FD4007DAA32 /* LTThoughtDetailViewController.xib in Resources */ = {isa = PBXBuildFile; fileRef = 287BB8E719248FD4007DAA32 /* LTThoughtDetailViewController.xib */; };
		28824A1319254A2E005F24CC /* burieddot152.png in Resources */ = {isa = PBXBuildFile; fileRef = 28824A1219254A2E005F24CC /* burieddot152.png */; };
		28A6BAE1188FC1F1008C81A1 /* Images.xcassets in Resources */ = {isa = PBXBuildFile; fileRef = 28A6BAE0188FC1F1008C81A1 /* Images.xcassets */; };
		28A6BAED188FD61C008C81A1 /* MBProgressHUD.m in Sources */ = {isa = PBXBuildFile; fileRef = 28A6BAEC188FD61C008C81A1 /* MBProgressHUD.m */; };
		28B75D021957716600593B3A /* UbertestersSDK.framework in Frameworks */ = {isa = PBXBuildFile; fileRef = 28B75CFF1957716600593B3A /* UbertestersSDK.framework */; };
		28B75D031957716600593B3A /* UbertestersSDKResources.bundle in Resources */ = {isa = PBXBuildFile; fileRef = 28B75D001957716600593B3A /* UbertestersSDKResources.bundle */; };
		28B75D051957724000593B3A /* AdSupport.framework in Frameworks */ = {isa = PBXBuildFile; fileRef = 28B75D041957724000593B3A /* AdSupport.framework */; };
		28B75D071957724E00593B3A /* CoreImage.framework in Frameworks */ = {isa = PBXBuildFile; fileRef = 28B75D061957724E00593B3A /* CoreImage.framework */; };
		28B75D091957725C00593B3A /* CoreTelephony.framework in Frameworks */ = {isa = PBXBuildFile; fileRef = 28B75D081957725C00593B3A /* CoreTelephony.framework */; };
		28B75D0B1957726E00593B3A /* OpenGLES.framework in Frameworks */ = {isa = PBXBuildFile; fileRef = 28B75D0A1957726E00593B3A /* OpenGLES.framework */; };
		28B75D0D1957727400593B3A /* CoreMotion.framework in Frameworks */ = {isa = PBXBuildFile; fileRef = 28B75D0C1957727400593B3A /* CoreMotion.framework */; };
		28B922D41987E13D003A87EF /* x-circlemark.png in Resources */ = {isa = PBXBuildFile; fileRef = 28B922D21987E13D003A87EF /* x-circlemark.png */; };
		28B922D51987E13D003A87EF /* x-circlemark@2x.png in Resources */ = {isa = PBXBuildFile; fileRef = 28B922D31987E13D003A87EF /* x-circlemark@2x.png */; };
		28BE448C196269DE00DA2069 /* FacebookSDK.framework in Frameworks */ = {isa = PBXBuildFile; fileRef = 30E480CA19498C1600932DD5 /* FacebookSDK.framework */; };
		28C5931A18DD32E300288764 /* Parse.framework in Frameworks */ = {isa = PBXBuildFile; fileRef = 28C5931818DD32E300288764 /* Parse.framework */; };
		28D2A21418C33354007EB808 /* LTUnearthedViewController.m in Sources */ = {isa = PBXBuildFile; fileRef = 28D2A21218C33354007EB808 /* LTUnearthedViewController.m */; };
		28D2A21518C33354007EB808 /* LTUnearthedViewController.xib in Resources */ = {isa = PBXBuildFile; fileRef = 28D2A21318C33354007EB808 /* LTUnearthedViewController.xib */; };
		28D34E0A194CC42E002095F9 /* LTGrassViewController.m in Sources */ = {isa = PBXBuildFile; fileRef = 28D34E08194CC42E002095F9 /* LTGrassViewController.m */; };
		28D34E0B194CC42E002095F9 /* LTGrassViewController.xib in Resources */ = {isa = PBXBuildFile; fileRef = 28D34E09194CC42E002095F9 /* LTGrassViewController.xib */; };
		28E8AE2118C6504F00BD106C /* LTCapsuleViewController.m in Sources */ = {isa = PBXBuildFile; fileRef = 28E8AE1F18C6504F00BD106C /* LTCapsuleViewController.m */; };
		28E8AE2218C6504F00BD106C /* LTCapsuleViewController.xib in Resources */ = {isa = PBXBuildFile; fileRef = 28E8AE2018C6504F00BD106C /* LTCapsuleViewController.xib */; };
		28FB0ED718C84DA900A37A4B /* buried-Prefix.pch in Resources */ = {isa = PBXBuildFile; fileRef = 28FB0ED618C84D8300A37A4B /* buried-Prefix.pch */; };
		308D476B191ADADE0098AEFC /* buriedicon58x58white.png in Resources */ = {isa = PBXBuildFile; fileRef = 308D4763191ADADE0098AEFC /* buriedicon58x58white.png */; };
		308D476C191ADADF0098AEFC /* buriedicon76x76.png in Resources */ = {isa = PBXBuildFile; fileRef = 308D4764191ADADE0098AEFC /* buriedicon76x76.png */; };
		308D476D191ADADF0098AEFC /* buriedicon114x114.png in Resources */ = {isa = PBXBuildFile; fileRef = 308D4765191ADADE0098AEFC /* buriedicon114x114.png */; };
		308D476E191ADADF0098AEFC /* buriedicon152x152white.png in Resources */ = {isa = PBXBuildFile; fileRef = 308D4766191ADADE0098AEFC /* buriedicon152x152white.png */; };
		308D476F191ADADF0098AEFC /* buriedlogo29x29.png in Resources */ = {isa = PBXBuildFile; fileRef = 308D4767191ADADE0098AEFC /* buriedlogo29x29.png */; };
		308D4770191ADADF0098AEFC /* buriedlogo57x57.png in Resources */ = {isa = PBXBuildFile; fileRef = 308D4768191ADADE0098AEFC /* buriedlogo57x57.png */; };
		308D4771191ADADF0098AEFC /* buriedlogo80x80.png in Resources */ = {isa = PBXBuildFile; fileRef = 308D4769191ADADE0098AEFC /* buriedlogo80x80.png */; };
		308D4772191ADADF0098AEFC /* buriedlogo120x120white.png in Resources */ = {isa = PBXBuildFile; fileRef = 308D476A191ADADE0098AEFC /* buriedlogo120x120white.png */; };
		308D4774191ADB220098AEFC /* Icon.png in Resources */ = {isa = PBXBuildFile; fileRef = 308D4773191ADB220098AEFC /* Icon.png */; };
		308D4776191ADB3E0098AEFC /* Icon@2x.png in Resources */ = {isa = PBXBuildFile; fileRef = 308D4775191ADB3E0098AEFC /* Icon@2x.png */; };
		44FC42AA1862667700CC948C /* Foundation.framework in Frameworks */ = {isa = PBXBuildFile; fileRef = 44FC42A91862667700CC948C /* Foundation.framework */; };
		44FC42AC1862667700CC948C /* CoreGraphics.framework in Frameworks */ = {isa = PBXBuildFile; fileRef = 44FC42AB1862667700CC948C /* CoreGraphics.framework */; };
		44FC42AE1862667700CC948C /* UIKit.framework in Frameworks */ = {isa = PBXBuildFile; fileRef = 44FC42AD1862667700CC948C /* UIKit.framework */; };
		44FC42E4186267AC00CC948C /* AudioToolbox.framework in Frameworks */ = {isa = PBXBuildFile; fileRef = 44FC42E3186267AC00CC948C /* AudioToolbox.framework */; };
		44FC42E6186267B100CC948C /* CFNetwork.framework in Frameworks */ = {isa = PBXBuildFile; fileRef = 44FC42E5186267B100CC948C /* CFNetwork.framework */; };
		44FC42E8186267BB00CC948C /* CoreLocation.framework in Frameworks */ = {isa = PBXBuildFile; fileRef = 44FC42E7186267BB00CC948C /* CoreLocation.framework */; };
		44FC42EA186267C100CC948C /* libz.1.1.3.dylib in Frameworks */ = {isa = PBXBuildFile; fileRef = 44FC42E9186267C100CC948C /* libz.1.1.3.dylib */; };
		44FC42EC186267C900CC948C /* MobileCoreServices.framework in Frameworks */ = {isa = PBXBuildFile; fileRef = 44FC42EB186267C900CC948C /* MobileCoreServices.framework */; };
		44FC42EE186267CE00CC948C /* QuartzCore.framework in Frameworks */ = {isa = PBXBuildFile; fileRef = 44FC42ED186267CE00CC948C /* QuartzCore.framework */; };
		44FC42F0186267D300CC948C /* Security.framework in Frameworks */ = {isa = PBXBuildFile; fileRef = 44FC42EF186267D300CC948C /* Security.framework */; };
		44FC42F4186267DF00CC948C /* SystemConfiguration.framework in Frameworks */ = {isa = PBXBuildFile; fileRef = 44FC42F3186267DF00CC948C /* SystemConfiguration.framework */; };
/* End PBXBuildFile section */

/* Begin PBXFileReference section */
		112B79071946FD9200558BE1 /* Social.framework */ = {isa = PBXFileReference; lastKnownFileType = wrapper.framework; name = Social.framework; path = System/Library/Frameworks/Social.framework; sourceTree = SDKROOT; };
		280657AA18910008007AAB22 /* UIBarButtonItem+_projectButtons.h */ = {isa = PBXFileReference; fileEncoding = 4; lastKnownFileType = sourcecode.c.h; name = "UIBarButtonItem+_projectButtons.h"; path = "buried/UIBarButtonItem+_projectButtons.h"; sourceTree = "<group>"; };
		280657AB18910008007AAB22 /* UIBarButtonItem+_projectButtons.m */ = {isa = PBXFileReference; fileEncoding = 4; lastKnownFileType = sourcecode.c.objc; name = "UIBarButtonItem+_projectButtons.m"; path = "buried/UIBarButtonItem+_projectButtons.m"; sourceTree = "<group>"; };
		28070C5A18911E2900D465CA /* LTPhotoDetailViewController.h */ = {isa = PBXFileReference; fileEncoding = 4; lastKnownFileType = sourcecode.c.h; name = LTPhotoDetailViewController.h; path = buried/LTPhotoDetailViewController.h; sourceTree = "<group>"; };
		28070C5B18911E2900D465CA /* LTPhotoDetailViewController.m */ = {isa = PBXFileReference; fileEncoding = 4; lastKnownFileType = sourcecode.c.objc; name = LTPhotoDetailViewController.m; path = buried/LTPhotoDetailViewController.m; sourceTree = "<group>"; };
		28070C5C18911E2900D465CA /* LTPhotoDetailViewController.xib */ = {isa = PBXFileReference; fileEncoding = 4; lastKnownFileType = file.xib; name = LTPhotoDetailViewController.xib; path = buried/LTPhotoDetailViewController.xib; sourceTree = "<group>"; };
		280EE1AA198B42AA0063C791 /* iconmonstr-key-8-icon-24.png */ = {isa = PBXFileReference; lastKnownFileType = image.png; path = "iconmonstr-key-8-icon-24.png"; sourceTree = SOURCE_ROOT; };
		280EE1AB198B42AA0063C791 /* iconmonstr-key-8-icon-32.png */ = {isa = PBXFileReference; lastKnownFileType = image.png; path = "iconmonstr-key-8-icon-32.png"; sourceTree = SOURCE_ROOT; };
		2819503E198BDD5E001AE270 /* iconmonstr-key-8-icon-40.png */ = {isa = PBXFileReference; lastKnownFileType = image.png; path = "iconmonstr-key-8-icon-40.png"; sourceTree = SOURCE_ROOT; };
		2819503F198BDD5E001AE270 /* iconmonstr-user-3-icon-40.png */ = {isa = PBXFileReference; lastKnownFileType = image.png; path = "iconmonstr-user-3-icon-40.png"; sourceTree = SOURCE_ROOT; };
		28195042198BE32F001AE270 /* iconmonstr-key-7-icon-48.png */ = {isa = PBXFileReference; lastKnownFileType = image.png; path = "iconmonstr-key-7-icon-48.png"; sourceTree = SOURCE_ROOT; };
		281E7A8A188EA66800C85066 /* 37x-Checkmark.png */ = {isa = PBXFileReference; lastKnownFileType = image.png; name = "37x-Checkmark.png"; path = "buried/37x-Checkmark.png"; sourceTree = SOURCE_ROOT; };
		281E7A90188EA66800C85066 /* buried-Info.plist */ = {isa = PBXFileReference; fileEncoding = 4; lastKnownFileType = text.plist.xml; name = "buried-Info.plist"; path = "buried/buried-Info.plist"; sourceTree = SOURCE_ROOT; };
		281E7A92188EA66800C85066 /* buriedlogo_250height.png */ = {isa = PBXFileReference; lastKnownFileType = image.png; name = buriedlogo_250height.png; path = buried/buriedlogo_250height.png; sourceTree = SOURCE_ROOT; };
		281E7A93188EA66800C85066 /* Crowd.jpg */ = {isa = PBXFileReference; lastKnownFileType = image.jpeg; name = Crowd.jpg; path = buried/Crowd.jpg; sourceTree = SOURCE_ROOT; };
		281E7A94188EA66800C85066 /* Default-568h@2x.png */ = {isa = PBXFileReference; lastKnownFileType = image.png; name = "Default-568h@2x.png"; path = "buried/Default-568h@2x.png"; sourceTree = SOURCE_ROOT; };
		281E7A95188EA66800C85066 /* Default.png */ = {isa = PBXFileReference; lastKnownFileType = image.png; name = Default.png; path = buried/Default.png; sourceTree = SOURCE_ROOT; };
		281E7A96188EA66800C85066 /* Default@2x.png */ = {isa = PBXFileReference; lastKnownFileType = image.png; name = "Default@2x.png"; path = "buried/Default@2x.png"; sourceTree = SOURCE_ROOT; };
		281E7A97188EA66800C85066 /* Desert.jpg */ = {isa = PBXFileReference; lastKnownFileType = image.jpeg; name = Desert.jpg; path = buried/Desert.jpg; sourceTree = SOURCE_ROOT; };
		281E7A9B188EA66800C85066 /* ParseIcon.png */ = {isa = PBXFileReference; lastKnownFileType = image.png; name = ParseIcon.png; path = buried/ParseIcon.png; sourceTree = SOURCE_ROOT; };
		281E7A9C188EA66800C85066 /* ParseIcon@2x.png */ = {isa = PBXFileReference; lastKnownFileType = image.png; name = "ParseIcon@2x.png"; path = "buried/ParseIcon@2x.png"; sourceTree = SOURCE_ROOT; };
		281E7A9E188EA66800C85066 /* Lime.jpg */ = {isa = PBXFileReference; lastKnownFileType = image.jpeg; name = Lime.jpg; path = buried/Lime.jpg; sourceTree = SOURCE_ROOT; };
		281E7A9F188EA66800C85066 /* login-button-small-pressed.png */ = {isa = PBXFileReference; lastKnownFileType = image.png; name = "login-button-small-pressed.png"; path = "buried/login-button-small-pressed.png"; sourceTree = SOURCE_ROOT; };
		281E7AA0188EA66800C85066 /* login-button-small-pressed@2x.png */ = {isa = PBXFileReference; lastKnownFileType = image.png; name = "login-button-small-pressed@2x.png"; path = "buried/login-button-small-pressed@2x.png"; sourceTree = SOURCE_ROOT; };
		281E7AA1188EA66800C85066 /* login-button-small.png */ = {isa = PBXFileReference; lastKnownFileType = image.png; name = "login-button-small.png"; path = "buried/login-button-small.png"; sourceTree = SOURCE_ROOT; };
		281E7AA2188EA66800C85066 /* login-button-small@2x.png */ = {isa = PBXFileReference; lastKnownFileType = image.png; name = "login-button-small@2x.png"; path = "buried/login-button-small@2x.png"; sourceTree = SOURCE_ROOT; };
		281E7AA3188EA66800C85066 /* LTAppDelegate.h */ = {isa = PBXFileReference; fileEncoding = 4; lastKnownFileType = sourcecode.c.h; name = LTAppDelegate.h; path = buried/LTAppDelegate.h; sourceTree = SOURCE_ROOT; };
		281E7AA4188EA66800C85066 /* LTAppDelegate.m */ = {isa = PBXFileReference; fileEncoding = 4; lastKnownFileType = sourcecode.c.objc; name = LTAppDelegate.m; path = buried/LTAppDelegate.m; sourceTree = SOURCE_ROOT; };
		281E7AA5188EA66800C85066 /* LTBuryItViewController.h */ = {isa = PBXFileReference; fileEncoding = 4; lastKnownFileType = sourcecode.c.h; name = LTBuryItViewController.h; path = buried/LTBuryItViewController.h; sourceTree = SOURCE_ROOT; };
		281E7AA6188EA66800C85066 /* LTBuryItViewController.m */ = {isa = PBXFileReference; fileEncoding = 4; lastKnownFileType = sourcecode.c.objc; name = LTBuryItViewController.m; path = buried/LTBuryItViewController.m; sourceTree = SOURCE_ROOT; };
		281E7AA7188EA66800C85066 /* LTBuryItViewController.xib */ = {isa = PBXFileReference; fileEncoding = 4; lastKnownFileType = file.xib; name = LTBuryItViewController.xib; path = buried/LTBuryItViewController.xib; sourceTree = SOURCE_ROOT; };
		281E7AAB188EA66800C85066 /* main.m */ = {isa = PBXFileReference; fileEncoding = 4; lastKnownFileType = sourcecode.c.objc; name = main.m; path = buried/main.m; sourceTree = SOURCE_ROOT; };
		281E7AAE188EA66800C85066 /* ParseLogo.jpg */ = {isa = PBXFileReference; lastKnownFileType = image.jpeg; name = ParseLogo.jpg; path = buried/ParseLogo.jpg; sourceTree = SOURCE_ROOT; };
		281E7AAF188EA66800C85066 /* Sunflowers.jpg */ = {isa = PBXFileReference; lastKnownFileType = image.jpeg; name = Sunflowers.jpg; path = buried/Sunflowers.jpg; sourceTree = SOURCE_ROOT; };
		2821DFC0198B3879002E23D5 /* iconmonstr-key-8-icon-48.png */ = {isa = PBXFileReference; lastKnownFileType = image.png; path = "iconmonstr-key-8-icon-48.png"; sourceTree = SOURCE_ROOT; };
		2821DFC1198B3879002E23D5 /* iconmonstr-key-8-icon-64.png */ = {isa = PBXFileReference; lastKnownFileType = image.png; path = "iconmonstr-key-8-icon-64.png"; sourceTree = SOURCE_ROOT; };
		2821DFC2198B3879002E23D5 /* iconmonstr-user-3-icon-24.png */ = {isa = PBXFileReference; lastKnownFileType = image.png; path = "iconmonstr-user-3-icon-24.png"; sourceTree = SOURCE_ROOT; };
		2821DFC3198B3879002E23D5 /* iconmonstr-user-3-icon-32.png */ = {isa = PBXFileReference; lastKnownFileType = image.png; path = "iconmonstr-user-3-icon-32.png"; sourceTree = SOURCE_ROOT; };
		2821DFC4198B3879002E23D5 /* iconmonstr-user-3-icon-48.png */ = {isa = PBXFileReference; lastKnownFileType = image.png; path = "iconmonstr-user-3-icon-48.png"; sourceTree = SOURCE_ROOT; };
		2821DFC5198B3879002E23D5 /* iconmonstr-user-3-icon-64.png */ = {isa = PBXFileReference; lastKnownFileType = image.png; path = "iconmonstr-user-3-icon-64.png"; sourceTree = SOURCE_ROOT; };
		2821DFC6198B3879002E23D5 /* key.png */ = {isa = PBXFileReference; lastKnownFileType = image.png; path = key.png; sourceTree = SOURCE_ROOT; };
		2833B06E1975129E00274469 /* LTAdminTableViewController.h */ = {isa = PBXFileReference; fileEncoding = 4; lastKnownFileType = sourcecode.c.h; path = LTAdminTableViewController.h; sourceTree = "<group>"; };
		2833B06F1975129E00274469 /* LTAdminTableViewController.m */ = {isa = PBXFileReference; fileEncoding = 4; lastKnownFileType = sourcecode.c.objc; path = LTAdminTableViewController.m; sourceTree = "<group>"; };
		283949FD1978A44E0067833B /* LTForm.h */ = {isa = PBXFileReference; fileEncoding = 4; lastKnownFileType = sourcecode.c.h; path = LTForm.h; sourceTree = "<group>"; };
		283949FE1978A44E0067833B /* LTForm.m */ = {isa = PBXFileReference; fileEncoding = 4; lastKnownFileType = sourcecode.c.objc; path = LTForm.m; sourceTree = "<group>"; };
		284184061993C7C70090FABC /* FBLoginDialog.h */ = {isa = PBXFileReference; fileEncoding = 4; lastKnownFileType = sourcecode.c.h; path = FBLoginDialog.h; sourceTree = "<group>"; };
		284185C61993C8F60090FABC /* FBDialog.h */ = {isa = PBXFileReference; fileEncoding = 4; lastKnownFileType = sourcecode.c.h; path = FBDialog.h; sourceTree = "<group>"; };
		284185C71993CC680090FABC /* Facebook.h */ = {isa = PBXFileReference; fileEncoding = 4; lastKnownFileType = sourcecode.c.h; path = Facebook.h; sourceTree = "<group>"; };
		284186011994324C0090FABC /* FBSession.h */ = {isa = PBXFileReference; fileEncoding = 4; lastKnownFileType = sourcecode.c.h; path = FBSession.h; sourceTree = "<group>"; };
		284186021994329B0090FABC /* FBSDKMacros.h */ = {isa = PBXFileReference; fileEncoding = 4; lastKnownFileType = sourcecode.c.h; path = FBSDKMacros.h; sourceTree = "<group>"; };
		284B2CFC18AC4A4800BB976F /* Application.xcconfig */ = {isa = PBXFileReference; fileEncoding = 4; lastKnownFileType = text.xcconfig; path = Application.xcconfig; sourceTree = "<group>"; };
		284B2CFD18AC4A4800BB976F /* Project-Debug.xcconfig */ = {isa = PBXFileReference; fileEncoding = 4; lastKnownFileType = text.xcconfig; path = "Project-Debug.xcconfig"; sourceTree = "<group>"; };
		284B2CFE18AC4A4800BB976F /* Project-Release.xcconfig */ = {isa = PBXFileReference; fileEncoding = 4; lastKnownFileType = text.xcconfig; path = "Project-Release.xcconfig"; sourceTree = "<group>"; };
		284B2CFF18AC4A4800BB976F /* Project.xcconfig */ = {isa = PBXFileReference; fileEncoding = 4; lastKnownFileType = text.xcconfig; path = Project.xcconfig; sourceTree = "<group>"; };
		284B2D0518AC4A9000BB976F /* FPViewController.h */ = {isa = PBXFileReference; fileEncoding = 4; lastKnownFileType = sourcecode.c.h; path = FPViewController.h; sourceTree = "<group>"; };
		284B2D0618AC4A9000BB976F /* FPViewController.m */ = {isa = PBXFileReference; fileEncoding = 4; lastKnownFileType = sourcecode.c.objc; path = FPViewController.m; sourceTree = "<group>"; };
		284B2D0718AC4A9000BB976F /* FPViewController_iPhone.xib */ = {isa = PBXFileReference; fileEncoding = 4; lastKnownFileType = file.xib; path = FPViewController_iPhone.xib; sourceTree = "<group>"; };
		2852DD10198E40AA00225EB5 /* buriediconcircleshine_37.png */ = {isa = PBXFileReference; lastKnownFileType = image.png; path = buriediconcircleshine_37.png; sourceTree = SOURCE_ROOT; };
		2852DD12198E43E200225EB5 /* iconmonstr-smiley-wink-icon-48_MB.png */ = {isa = PBXFileReference; lastKnownFileType = image.png; path = "iconmonstr-smiley-wink-icon-48_MB.png"; sourceTree = SOURCE_ROOT; };
		2852DD14198E5DF100225EB5 /* iconmonstr-quote-15-icon-37_MB.png */ = {isa = PBXFileReference; lastKnownFileType = image.png; path = "iconmonstr-quote-15-icon-37_MB.png"; sourceTree = SOURCE_ROOT; };
		2852DD16198E5EAD00225EB5 /* iconmonstr-smiley-scared-icon-37_MB.png */ = {isa = PBXFileReference; lastKnownFileType = image.png; path = "iconmonstr-smiley-scared-icon-37_MB.png"; sourceTree = SOURCE_ROOT; };
		2852DD18198E5F1B00225EB5 /* iconmonstr-smiley-confused-icon-37_MB.png */ = {isa = PBXFileReference; lastKnownFileType = image.png; path = "iconmonstr-smiley-confused-icon-37_MB.png"; sourceTree = SOURCE_ROOT; };
		2858DA541944C33900BDAB3A /* LTStartScreenViewController.h */ = {isa = PBXFileReference; fileEncoding = 4; lastKnownFileType = sourcecode.c.h; path = LTStartScreenViewController.h; sourceTree = "<group>"; };
		2858DA551944C33900BDAB3A /* LTStartScreenViewController.m */ = {isa = PBXFileReference; fileEncoding = 4; lastKnownFileType = sourcecode.c.objc; path = LTStartScreenViewController.m; sourceTree = "<group>"; };
		2858DA561944C33900BDAB3A /* LTStartScreenViewController.xib */ = {isa = PBXFileReference; fileEncoding = 4; lastKnownFileType = file.xib; path = LTStartScreenViewController.xib; sourceTree = "<group>"; };
		2858DA591944D65100BDAB3A /* 37x-Checkmark@2x.png */ = {isa = PBXFileReference; lastKnownFileType = image.png; name = "37x-Checkmark@2x.png"; path = "buried/37x-Checkmark@2x.png"; sourceTree = "<group>"; };
		2858DA5B1944D65C00BDAB3A /* x-mark.png */ = {isa = PBXFileReference; lastKnownFileType = image.png; path = "x-mark.png"; sourceTree = SOURCE_ROOT; };
		2858DA5C1944D65C00BDAB3A /* x-mark@2x.png */ = {isa = PBXFileReference; lastKnownFileType = image.png; path = "x-mark@2x.png"; sourceTree = SOURCE_ROOT; };
		286D080118CB647E000B5EBE /* grassToolbar.png */ = {isa = PBXFileReference; lastKnownFileType = image.png; path = grassToolbar.png; sourceTree = SOURCE_ROOT; };
		286E641218C30D3400CDB033 /* UIImage+ResizeAdditions.h */ = {isa = PBXFileReference; fileEncoding = 4; lastKnownFileType = sourcecode.c.h; path = "UIImage+ResizeAdditions.h"; sourceTree = "<group>"; };
		286E641318C30D3400CDB033 /* UIImage+ResizeAdditions.m */ = {isa = PBXFileReference; fileEncoding = 4; lastKnownFileType = sourcecode.c.objc; path = "UIImage+ResizeAdditions.m"; sourceTree = "<group>"; };
		286E641418C30D3400CDB033 /* UIImage+AlphaAdditions.h */ = {isa = PBXFileReference; fileEncoding = 4; lastKnownFileType = sourcecode.c.h; path = "UIImage+AlphaAdditions.h"; sourceTree = "<group>"; };
		286E641518C30D3400CDB033 /* UIImage+AlphaAdditions.m */ = {isa = PBXFileReference; fileEncoding = 4; lastKnownFileType = sourcecode.c.objc; path = "UIImage+AlphaAdditions.m"; sourceTree = "<group>"; };
		286E641618C30D3400CDB033 /* UIImage+RoundedCornerAdditions.h */ = {isa = PBXFileReference; fileEncoding = 4; lastKnownFileType = sourcecode.c.h; path = "UIImage+RoundedCornerAdditions.h"; sourceTree = "<group>"; };
		286E641718C30D3400CDB033 /* UIImage+RoundedCornerAdditions.m */ = {isa = PBXFileReference; fileEncoding = 4; lastKnownFileType = sourcecode.c.objc; path = "UIImage+RoundedCornerAdditions.m"; sourceTree = "<group>"; };
		28763EA71924F5940076A636 /* buried_text_250x94.png */ = {isa = PBXFileReference; lastKnownFileType = image.png; name = buried_text_250x94.png; path = buried/buried_text_250x94.png; sourceTree = SOURCE_ROOT; };
		287BB8E519248FD4007DAA32 /* LTThoughtDetailViewController.h */ = {isa = PBXFileReference; fileEncoding = 4; lastKnownFileType = sourcecode.c.h; path = LTThoughtDetailViewController.h; sourceTree = "<group>"; };
		287BB8E619248FD4007DAA32 /* LTThoughtDetailViewController.m */ = {isa = PBXFileReference; fileEncoding = 4; lastKnownFileType = sourcecode.c.objc; path = LTThoughtDetailViewController.m; sourceTree = "<group>"; };
		287BB8E719248FD4007DAA32 /* LTThoughtDetailViewController.xib */ = {isa = PBXFileReference; fileEncoding = 4; lastKnownFileType = file.xib; path = LTThoughtDetailViewController.xib; sourceTree = "<group>"; };
		28824A1219254A2E005F24CC /* burieddot152.png */ = {isa = PBXFileReference; lastKnownFileType = image.png; name = burieddot152.png; path = buried/burieddot152.png; sourceTree = SOURCE_ROOT; };
		28A6BAE0188FC1F1008C81A1 /* Images.xcassets */ = {isa = PBXFileReference; lastKnownFileType = folder.assetcatalog; name = Images.xcassets; path = buried/Images.xcassets; sourceTree = SOURCE_ROOT; };
		28A6BAE8188FD3D4008C81A1 /* MBProgressHUD.h */ = {isa = PBXFileReference; fileEncoding = 4; lastKnownFileType = sourcecode.c.h; name = MBProgressHUD.h; path = buried/MBProgressHUD.h; sourceTree = SOURCE_ROOT; };
		28A6BAEC188FD61C008C81A1 /* MBProgressHUD.m */ = {isa = PBXFileReference; lastKnownFileType = sourcecode.c.objc; name = MBProgressHUD.m; path = buried/MBProgressHUD.m; sourceTree = SOURCE_ROOT; };
		28B75CFF1957716600593B3A /* UbertestersSDK.framework */ = {isa = PBXFileReference; lastKnownFileType = wrapper.framework; path = UbertestersSDK.framework; sourceTree = "<group>"; };
		28B75D001957716600593B3A /* UbertestersSDKResources.bundle */ = {isa = PBXFileReference; lastKnownFileType = "wrapper.plug-in"; path = UbertestersSDKResources.bundle; sourceTree = "<group>"; };
		28B75D041957724000593B3A /* AdSupport.framework */ = {isa = PBXFileReference; lastKnownFileType = wrapper.framework; name = AdSupport.framework; path = System/Library/Frameworks/AdSupport.framework; sourceTree = SDKROOT; };
		28B75D061957724E00593B3A /* CoreImage.framework */ = {isa = PBXFileReference; lastKnownFileType = wrapper.framework; name = CoreImage.framework; path = System/Library/Frameworks/CoreImage.framework; sourceTree = SDKROOT; };
		28B75D081957725C00593B3A /* CoreTelephony.framework */ = {isa = PBXFileReference; lastKnownFileType = wrapper.framework; name = CoreTelephony.framework; path = System/Library/Frameworks/CoreTelephony.framework; sourceTree = SDKROOT; };
		28B75D0A1957726E00593B3A /* OpenGLES.framework */ = {isa = PBXFileReference; lastKnownFileType = wrapper.framework; name = OpenGLES.framework; path = System/Library/Frameworks/OpenGLES.framework; sourceTree = SDKROOT; };
		28B75D0C1957727400593B3A /* CoreMotion.framework */ = {isa = PBXFileReference; lastKnownFileType = wrapper.framework; name = CoreMotion.framework; path = System/Library/Frameworks/CoreMotion.framework; sourceTree = SDKROOT; };
		28B922D21987E13D003A87EF /* x-circlemark.png */ = {isa = PBXFileReference; lastKnownFileType = image.png; path = "x-circlemark.png"; sourceTree = SOURCE_ROOT; };
		28B922D31987E13D003A87EF /* x-circlemark@2x.png */ = {isa = PBXFileReference; lastKnownFileType = image.png; path = "x-circlemark@2x.png"; sourceTree = SOURCE_ROOT; };
		28C5931818DD32E300288764 /* Parse.framework */ = {isa = PBXFileReference; lastKnownFileType = wrapper.framework; name = Parse.framework; path = ../Parse.framework; sourceTree = "<group>"; };
		28D2A21118C33354007EB808 /* LTUnearthedViewController.h */ = {isa = PBXFileReference; fileEncoding = 4; lastKnownFileType = sourcecode.c.h; path = LTUnearthedViewController.h; sourceTree = "<group>"; };
		28D2A21218C33354007EB808 /* LTUnearthedViewController.m */ = {isa = PBXFileReference; fileEncoding = 4; lastKnownFileType = sourcecode.c.objc; path = LTUnearthedViewController.m; sourceTree = "<group>"; };
		28D2A21318C33354007EB808 /* LTUnearthedViewController.xib */ = {isa = PBXFileReference; fileEncoding = 4; lastKnownFileType = file.xib; path = LTUnearthedViewController.xib; sourceTree = "<group>"; };
		28D34E07194CC42E002095F9 /* LTGrassViewController.h */ = {isa = PBXFileReference; fileEncoding = 4; lastKnownFileType = sourcecode.c.h; path = LTGrassViewController.h; sourceTree = "<group>"; };
		28D34E08194CC42E002095F9 /* LTGrassViewController.m */ = {isa = PBXFileReference; fileEncoding = 4; lastKnownFileType = sourcecode.c.objc; path = LTGrassViewController.m; sourceTree = "<group>"; };
		28D34E09194CC42E002095F9 /* LTGrassViewController.xib */ = {isa = PBXFileReference; fileEncoding = 4; lastKnownFileType = file.xib; path = LTGrassViewController.xib; sourceTree = "<group>"; };
		28E8AE1E18C6504F00BD106C /* LTCapsuleViewController.h */ = {isa = PBXFileReference; fileEncoding = 4; lastKnownFileType = sourcecode.c.h; path = LTCapsuleViewController.h; sourceTree = "<group>"; };
		28E8AE1F18C6504F00BD106C /* LTCapsuleViewController.m */ = {isa = PBXFileReference; fileEncoding = 4; lastKnownFileType = sourcecode.c.objc; path = LTCapsuleViewController.m; sourceTree = "<group>"; };
		28E8AE2018C6504F00BD106C /* LTCapsuleViewController.xib */ = {isa = PBXFileReference; fileEncoding = 4; lastKnownFileType = file.xib; path = LTCapsuleViewController.xib; sourceTree = "<group>"; };
		28F9584B1906555F0017DCEA /* buried.app */ = {isa = PBXFileReference; explicitFileType = wrapper.application; includeInIndex = 0; path = buried.app; sourceTree = BUILT_PRODUCTS_DIR; };
		28FB0ED618C84D8300A37A4B /* buried-Prefix.pch */ = {isa = PBXFileReference; fileEncoding = 4; lastKnownFileType = sourcecode.c.h; name = "buried-Prefix.pch"; path = "buried/buried-Prefix.pch"; sourceTree = SOURCE_ROOT; };
		308D4763191ADADE0098AEFC /* buriedicon58x58white.png */ = {isa = PBXFileReference; lastKnownFileType = image.png; name = buriedicon58x58white.png; path = buried/Images.xcassets/AppIcon.appiconset/buriedicon58x58white.png; sourceTree = SOURCE_ROOT; };
		308D4764191ADADE0098AEFC /* buriedicon76x76.png */ = {isa = PBXFileReference; lastKnownFileType = image.png; name = buriedicon76x76.png; path = buried/Images.xcassets/AppIcon.appiconset/buriedicon76x76.png; sourceTree = SOURCE_ROOT; };
		308D4765191ADADE0098AEFC /* buriedicon114x114.png */ = {isa = PBXFileReference; lastKnownFileType = image.png; name = buriedicon114x114.png; path = buried/Images.xcassets/AppIcon.appiconset/buriedicon114x114.png; sourceTree = SOURCE_ROOT; };
		308D4766191ADADE0098AEFC /* buriedicon152x152white.png */ = {isa = PBXFileReference; lastKnownFileType = image.png; name = buriedicon152x152white.png; path = buried/Images.xcassets/AppIcon.appiconset/buriedicon152x152white.png; sourceTree = SOURCE_ROOT; };
		308D4767191ADADE0098AEFC /* buriedlogo29x29.png */ = {isa = PBXFileReference; lastKnownFileType = image.png; name = buriedlogo29x29.png; path = buried/Images.xcassets/AppIcon.appiconset/buriedlogo29x29.png; sourceTree = SOURCE_ROOT; };
		308D4768191ADADE0098AEFC /* buriedlogo57x57.png */ = {isa = PBXFileReference; lastKnownFileType = image.png; name = buriedlogo57x57.png; path = buried/Images.xcassets/AppIcon.appiconset/buriedlogo57x57.png; sourceTree = SOURCE_ROOT; };
		308D4769191ADADE0098AEFC /* buriedlogo80x80.png */ = {isa = PBXFileReference; lastKnownFileType = image.png; name = buriedlogo80x80.png; path = buried/Images.xcassets/AppIcon.appiconset/buriedlogo80x80.png; sourceTree = SOURCE_ROOT; };
		308D476A191ADADE0098AEFC /* buriedlogo120x120white.png */ = {isa = PBXFileReference; lastKnownFileType = image.png; name = buriedlogo120x120white.png; path = buried/Images.xcassets/AppIcon.appiconset/buriedlogo120x120white.png; sourceTree = SOURCE_ROOT; };
		308D4773191ADB220098AEFC /* Icon.png */ = {isa = PBXFileReference; lastKnownFileType = image.png; name = Icon.png; path = buried/Icon.png; sourceTree = SOURCE_ROOT; };
		308D4775191ADB3E0098AEFC /* Icon@2x.png */ = {isa = PBXFileReference; lastKnownFileType = image.png; name = "Icon@2x.png"; path = "buried/Icon@2x.png"; sourceTree = SOURCE_ROOT; };
		30E480CA19498C1600932DD5 /* FacebookSDK.framework */ = {isa = PBXFileReference; lastKnownFileType = wrapper.framework; name = FacebookSDK.framework; path = ../FacebookSDK/FacebookSDK.framework; sourceTree = "<group>"; };
		44FC42A91862667700CC948C /* Foundation.framework */ = {isa = PBXFileReference; lastKnownFileType = wrapper.framework; name = Foundation.framework; path = System/Library/Frameworks/Foundation.framework; sourceTree = SDKROOT; };
		44FC42AB1862667700CC948C /* CoreGraphics.framework */ = {isa = PBXFileReference; lastKnownFileType = wrapper.framework; name = CoreGraphics.framework; path = System/Library/Frameworks/CoreGraphics.framework; sourceTree = SDKROOT; };
		44FC42AD1862667700CC948C /* UIKit.framework */ = {isa = PBXFileReference; lastKnownFileType = wrapper.framework; name = UIKit.framework; path = System/Library/Frameworks/UIKit.framework; sourceTree = SDKROOT; };
		44FC42CB1862667700CC948C /* XCTest.framework */ = {isa = PBXFileReference; lastKnownFileType = wrapper.framework; name = XCTest.framework; path = Library/Frameworks/XCTest.framework; sourceTree = DEVELOPER_DIR; };
		44FC42E3186267AC00CC948C /* AudioToolbox.framework */ = {isa = PBXFileReference; lastKnownFileType = wrapper.framework; name = AudioToolbox.framework; path = System/Library/Frameworks/AudioToolbox.framework; sourceTree = SDKROOT; };
		44FC42E5186267B100CC948C /* CFNetwork.framework */ = {isa = PBXFileReference; lastKnownFileType = wrapper.framework; name = CFNetwork.framework; path = System/Library/Frameworks/CFNetwork.framework; sourceTree = SDKROOT; };
		44FC42E7186267BB00CC948C /* CoreLocation.framework */ = {isa = PBXFileReference; lastKnownFileType = wrapper.framework; name = CoreLocation.framework; path = System/Library/Frameworks/CoreLocation.framework; sourceTree = SDKROOT; };
		44FC42E9186267C100CC948C /* libz.1.1.3.dylib */ = {isa = PBXFileReference; lastKnownFileType = "compiled.mach-o.dylib"; name = libz.1.1.3.dylib; path = usr/lib/libz.1.1.3.dylib; sourceTree = SDKROOT; };
		44FC42EB186267C900CC948C /* MobileCoreServices.framework */ = {isa = PBXFileReference; lastKnownFileType = wrapper.framework; name = MobileCoreServices.framework; path = System/Library/Frameworks/MobileCoreServices.framework; sourceTree = SDKROOT; };
		44FC42ED186267CE00CC948C /* QuartzCore.framework */ = {isa = PBXFileReference; lastKnownFileType = wrapper.framework; name = QuartzCore.framework; path = System/Library/Frameworks/QuartzCore.framework; sourceTree = SDKROOT; };
		44FC42EF186267D300CC948C /* Security.framework */ = {isa = PBXFileReference; lastKnownFileType = wrapper.framework; name = Security.framework; path = System/Library/Frameworks/Security.framework; sourceTree = SDKROOT; };
		44FC42F3186267DF00CC948C /* SystemConfiguration.framework */ = {isa = PBXFileReference; lastKnownFileType = wrapper.framework; name = SystemConfiguration.framework; path = System/Library/Frameworks/SystemConfiguration.framework; sourceTree = SDKROOT; };
		D6D824D75D3B43B5BEE0FC64 /* libPods-buried..a */ = {isa = PBXFileReference; explicitFileType = archive.ar; includeInIndex = 0; path = "libPods-buried..a"; sourceTree = BUILT_PRODUCTS_DIR; };
/* End PBXFileReference section */

/* Begin PBXFrameworksBuildPhase section */
		44FC42A31862667700CC948C /* Frameworks */ = {
			isa = PBXFrameworksBuildPhase;
			buildActionMask = 2147483647;
			files = (
				28BE448C196269DE00DA2069 /* FacebookSDK.framework in Frameworks */,
				28B75D0D1957727400593B3A /* CoreMotion.framework in Frameworks */,
				28B75D0B1957726E00593B3A /* OpenGLES.framework in Frameworks */,
				44FC42E4186267AC00CC948C /* AudioToolbox.framework in Frameworks */,
				44FC42E8186267BB00CC948C /* CoreLocation.framework in Frameworks */,
				28B75D091957725C00593B3A /* CoreTelephony.framework in Frameworks */,
				44FC42F4186267DF00CC948C /* SystemConfiguration.framework in Frameworks */,
				28B75D071957724E00593B3A /* CoreImage.framework in Frameworks */,
				44FC42EE186267CE00CC948C /* QuartzCore.framework in Frameworks */,
				28B75D051957724000593B3A /* AdSupport.framework in Frameworks */,
				112B79081946FD9200558BE1 /* Social.framework in Frameworks */,
				28C5931A18DD32E300288764 /* Parse.framework in Frameworks */,
				44FC42F0186267D300CC948C /* Security.framework in Frameworks */,
				44FC42EC186267C900CC948C /* MobileCoreServices.framework in Frameworks */,
				44FC42EA186267C100CC948C /* libz.1.1.3.dylib in Frameworks */,
				44FC42AC1862667700CC948C /* CoreGraphics.framework in Frameworks */,
				44FC42E6186267B100CC948C /* CFNetwork.framework in Frameworks */,
				44FC42AE1862667700CC948C /* UIKit.framework in Frameworks */,
				28B75D021957716600593B3A /* UbertestersSDK.framework in Frameworks */,
				44FC42AA1862667700CC948C /* Foundation.framework in Frameworks */,
			);
			runOnlyForDeploymentPostprocessing = 0;
		};
/* End PBXFrameworksBuildPhase section */

/* Begin PBXGroup section */
		280C85E9192D9C15009E6FE1 /* UIBarButtonItem Categories */ = {
			isa = PBXGroup;
			children = (
				280657AA18910008007AAB22 /* UIBarButtonItem+_projectButtons.h */,
				280657AB18910008007AAB22 /* UIBarButtonItem+_projectButtons.m */,
			);
			name = "UIBarButtonItem Categories";
			sourceTree = "<group>";
		};
		280C85EA192D9C4B009E6FE1 /* Interface Builder Files */ = {
			isa = PBXGroup;
			children = (
				281E7AA7188EA66800C85066 /* LTBuryItViewController.xib */,
				28D2A21318C33354007EB808 /* LTUnearthedViewController.xib */,
				28E8AE2018C6504F00BD106C /* LTCapsuleViewController.xib */,
				28070C5C18911E2900D465CA /* LTPhotoDetailViewController.xib */,
				287BB8E719248FD4007DAA32 /* LTThoughtDetailViewController.xib */,
				28D34E09194CC42E002095F9 /* LTGrassViewController.xib */,
				2858DA561944C33900BDAB3A /* LTStartScreenViewController.xib */,
			);
			name = "Interface Builder Files";
			sourceTree = "<group>";
		};
		280C85EB192D9C63009E6FE1 /* View Controllers */ = {
			isa = PBXGroup;
			children = (
				280C85EA192D9C4B009E6FE1 /* Interface Builder Files */,
				2858DA541944C33900BDAB3A /* LTStartScreenViewController.h */,
				2858DA551944C33900BDAB3A /* LTStartScreenViewController.m */,
				28D2A21118C33354007EB808 /* LTUnearthedViewController.h */,
				28D2A21218C33354007EB808 /* LTUnearthedViewController.m */,
				2833B06E1975129E00274469 /* LTAdminTableViewController.h */,
				2833B06F1975129E00274469 /* LTAdminTableViewController.m */,
				281E7AA5188EA66800C85066 /* LTBuryItViewController.h */,
				281E7AA6188EA66800C85066 /* LTBuryItViewController.m */,
				28E8AE1E18C6504F00BD106C /* LTCapsuleViewController.h */,
				28E8AE1F18C6504F00BD106C /* LTCapsuleViewController.m */,
				28070C5A18911E2900D465CA /* LTPhotoDetailViewController.h */,
				28070C5B18911E2900D465CA /* LTPhotoDetailViewController.m */,
				287BB8E519248FD4007DAA32 /* LTThoughtDetailViewController.h */,
				287BB8E619248FD4007DAA32 /* LTThoughtDetailViewController.m */,
			);
			name = "View Controllers";
			sourceTree = "<group>";
		};
		284B2CFA18AC49D500BB976F /* Partner Classes */ = {
			isa = PBXGroup;
			children = (
				280C85E9192D9C15009E6FE1 /* UIBarButtonItem Categories */,
				286E641118C30C9200CDB033 /* UIImage Categories */,
				284B2D0A18AC4AB800BB976F /* FBFriendPicker */,
				284B2D0418AC4A7D00BB976F /* MBProgressHUD */,
			);
			name = "Partner Classes";
			sourceTree = "<group>";
		};
		284B2CFB18AC4A3600BB976F /* Configurations */ = {
			isa = PBXGroup;
			children = (
				284B2CFC18AC4A4800BB976F /* Application.xcconfig */,
				284B2CFD18AC4A4800BB976F /* Project-Debug.xcconfig */,
				284B2CFE18AC4A4800BB976F /* Project-Release.xcconfig */,
				284B2CFF18AC4A4800BB976F /* Project.xcconfig */,
			);
			name = Configurations;
			sourceTree = "<group>";
		};
		284B2D0418AC4A7D00BB976F /* MBProgressHUD */ = {
			isa = PBXGroup;
			children = (
				28A6BAE8188FD3D4008C81A1 /* MBProgressHUD.h */,
				28A6BAEC188FD61C008C81A1 /* MBProgressHUD.m */,
			);
			name = MBProgressHUD;
			sourceTree = "<group>";
		};
		284B2D0A18AC4AB800BB976F /* FBFriendPicker */ = {
			isa = PBXGroup;
			children = (
				284B2D0518AC4A9000BB976F /* FPViewController.h */,
				284B2D0618AC4A9000BB976F /* FPViewController.m */,
				284B2D0718AC4A9000BB976F /* FPViewController_iPhone.xib */,
			);
			name = FBFriendPicker;
			sourceTree = "<group>";
		};
		286E641118C30C9200CDB033 /* UIImage Categories */ = {
			isa = PBXGroup;
			children = (
				286E641218C30D3400CDB033 /* UIImage+ResizeAdditions.h */,
				286E641318C30D3400CDB033 /* UIImage+ResizeAdditions.m */,
				286E641418C30D3400CDB033 /* UIImage+AlphaAdditions.h */,
				286E641518C30D3400CDB033 /* UIImage+AlphaAdditions.m */,
				286E641618C30D3400CDB033 /* UIImage+RoundedCornerAdditions.h */,
				286E641718C30D3400CDB033 /* UIImage+RoundedCornerAdditions.m */,
			);
			name = "UIImage Categories";
			sourceTree = "<group>";
		};
		28B75CFD1957716600593B3A /* UbertestersSDK */ = {
			isa = PBXGroup;
			children = (
				28B75CFF1957716600593B3A /* UbertestersSDK.framework */,
				28B75D001957716600593B3A /* UbertestersSDKResources.bundle */,
			);
			path = UbertestersSDK;
			sourceTree = "<group>";
		};
		44FC429D1862667700CC948C = {
			isa = PBXGroup;
			children = (
				281E7AAB188EA66800C85066 /* main.m */,
				28FB0ED618C84D8300A37A4B /* buried-Prefix.pch */,
				281E7A90188EA66800C85066 /* buried-Info.plist */,
				281E7AA3188EA66800C85066 /* LTAppDelegate.h */,
				281E7AA4188EA66800C85066 /* LTAppDelegate.m */,
				28D34E07194CC42E002095F9 /* LTGrassViewController.h */,
				28D34E08194CC42E002095F9 /* LTGrassViewController.m */,
				283949FD1978A44E0067833B /* LTForm.h */,
				283949FE1978A44E0067833B /* LTForm.m */,
				280C85EB192D9C63009E6FE1 /* View Controllers */,
				44FC42B01862667700CC948C /* Supporting Files */,
				44FC42A81862667700CC948C /* Frameworks */,
				284B2CFA18AC49D500BB976F /* Partner Classes */,
				284B2CFB18AC4A3600BB976F /* Configurations */,
				28F9584B1906555F0017DCEA /* buried.app */,
			);
			sourceTree = "<group>";
		};
		44FC42A81862667700CC948C /* Frameworks */ = {
			isa = PBXGroup;
			children = (
				28B75D0C1957727400593B3A /* CoreMotion.framework */,
				28B75D0A1957726E00593B3A /* OpenGLES.framework */,
				28B75D081957725C00593B3A /* CoreTelephony.framework */,
				28B75D061957724E00593B3A /* CoreImage.framework */,
				28B75D041957724000593B3A /* AdSupport.framework */,
				28B75CFD1957716600593B3A /* UbertestersSDK */,
				30E480CA19498C1600932DD5 /* FacebookSDK.framework */,
				284184061993C7C70090FABC /* FBLoginDialog.h */,
				284185C61993C8F60090FABC /* FBDialog.h */,
				284185C71993CC680090FABC /* Facebook.h */,
				284186011994324C0090FABC /* FBSession.h */,
				284186021994329B0090FABC /* FBSDKMacros.h */,
				112B79071946FD9200558BE1 /* Social.framework */,
				28C5931818DD32E300288764 /* Parse.framework */,
				44FC42F3186267DF00CC948C /* SystemConfiguration.framework */,
				44FC42EF186267D300CC948C /* Security.framework */,
				44FC42ED186267CE00CC948C /* QuartzCore.framework */,
				44FC42EB186267C900CC948C /* MobileCoreServices.framework */,
				44FC42E9186267C100CC948C /* libz.1.1.3.dylib */,
				44FC42E7186267BB00CC948C /* CoreLocation.framework */,
				44FC42E5186267B100CC948C /* CFNetwork.framework */,
				44FC42E3186267AC00CC948C /* AudioToolbox.framework */,
				44FC42A91862667700CC948C /* Foundation.framework */,
				44FC42AB1862667700CC948C /* CoreGraphics.framework */,
				44FC42AD1862667700CC948C /* UIKit.framework */,
				44FC42CB1862667700CC948C /* XCTest.framework */,
				D6D824D75D3B43B5BEE0FC64 /* libPods-buried..a */,
			);
			name = Frameworks;
			sourceTree = "<group>";
		};
		44FC42B01862667700CC948C /* Supporting Files */ = {
			isa = PBXGroup;
			children = (
				2852DD14198E5DF100225EB5 /* iconmonstr-quote-15-icon-37_MB.png */,
				2852DD16198E5EAD00225EB5 /* iconmonstr-smiley-scared-icon-37_MB.png */,
				2852DD18198E5F1B00225EB5 /* iconmonstr-smiley-confused-icon-37_MB.png */,
				2852DD12198E43E200225EB5 /* iconmonstr-smiley-wink-icon-48_MB.png */,
				2852DD10198E40AA00225EB5 /* buriediconcircleshine_37.png */,
				28195042198BE32F001AE270 /* iconmonstr-key-7-icon-48.png */,
				280EE1AA198B42AA0063C791 /* iconmonstr-key-8-icon-24.png */,
				2819503E198BDD5E001AE270 /* iconmonstr-key-8-icon-40.png */,
				2819503F198BDD5E001AE270 /* iconmonstr-user-3-icon-40.png */,
				280EE1AB198B42AA0063C791 /* iconmonstr-key-8-icon-32.png */,
				2821DFC0198B3879002E23D5 /* iconmonstr-key-8-icon-48.png */,
				2821DFC1198B3879002E23D5 /* iconmonstr-key-8-icon-64.png */,
				2821DFC2198B3879002E23D5 /* iconmonstr-user-3-icon-24.png */,
				2821DFC3198B3879002E23D5 /* iconmonstr-user-3-icon-32.png */,
				2821DFC4198B3879002E23D5 /* iconmonstr-user-3-icon-48.png */,
				2821DFC5198B3879002E23D5 /* iconmonstr-user-3-icon-64.png */,
				2821DFC6198B3879002E23D5 /* key.png */,
				28B922D21987E13D003A87EF /* x-circlemark.png */,
				28B922D31987E13D003A87EF /* x-circlemark@2x.png */,
				28824A1219254A2E005F24CC /* burieddot152.png */,
				28763EA71924F5940076A636 /* buried_text_250x94.png */,
				286D080118CB647E000B5EBE /* grassToolbar.png */,
				2858DA591944D65100BDAB3A /* 37x-Checkmark@2x.png */,
				281E7A8A188EA66800C85066 /* 37x-Checkmark.png */,
				308D4763191ADADE0098AEFC /* buriedicon58x58white.png */,
				2858DA5B1944D65C00BDAB3A /* x-mark.png */,
				2858DA5C1944D65C00BDAB3A /* x-mark@2x.png */,
				308D4764191ADADE0098AEFC /* buriedicon76x76.png */,
				308D4765191ADADE0098AEFC /* buriedicon114x114.png */,
				308D4766191ADADE0098AEFC /* buriedicon152x152white.png */,
				308D4767191ADADE0098AEFC /* buriedlogo29x29.png */,
				308D4768191ADADE0098AEFC /* buriedlogo57x57.png */,
				308D4769191ADADE0098AEFC /* buriedlogo80x80.png */,
				308D476A191ADADE0098AEFC /* buriedlogo120x120white.png */,
				281E7A92188EA66800C85066 /* buriedlogo_250height.png */,
				281E7A93188EA66800C85066 /* Crowd.jpg */,
				281E7A94188EA66800C85066 /* Default-568h@2x.png */,
				281E7A95188EA66800C85066 /* Default.png */,
				281E7A96188EA66800C85066 /* Default@2x.png */,
				281E7A97188EA66800C85066 /* Desert.jpg */,
				308D4773191ADB220098AEFC /* Icon.png */,
				308D4775191ADB3E0098AEFC /* Icon@2x.png */,
				281E7A9B188EA66800C85066 /* ParseIcon.png */,
				281E7A9C188EA66800C85066 /* ParseIcon@2x.png */,
				281E7A9E188EA66800C85066 /* Lime.jpg */,
				281E7A9F188EA66800C85066 /* login-button-small-pressed.png */,
				281E7AA0188EA66800C85066 /* login-button-small-pressed@2x.png */,
				281E7AA1188EA66800C85066 /* login-button-small.png */,
				281E7AA2188EA66800C85066 /* login-button-small@2x.png */,
				281E7AAE188EA66800C85066 /* ParseLogo.jpg */,
				281E7AAF188EA66800C85066 /* Sunflowers.jpg */,
				28A6BAE0188FC1F1008C81A1 /* Images.xcassets */,
			);
			name = "Supporting Files";
			path = buried.;
			sourceTree = "<group>";
		};
/* End PBXGroup section */

/* Begin PBXNativeTarget section */
		44FC42A51862667700CC948C /* buried. */ = {
			isa = PBXNativeTarget;
			buildConfigurationList = 44FC42DB1862667700CC948C /* Build configuration list for PBXNativeTarget "buried." */;
			buildPhases = (
				F1AE3C167BB842F6BA688AF1 /* Check Pods Manifest.lock */,
				44FC42A31862667700CC948C /* Frameworks */,
				44FC42A41862667700CC948C /* Resources */,
				7535FAADC78F42A2BF6FE020 /* Copy Pods Resources */,
				44FC42A21862667700CC948C /* Sources */,
			);
			buildRules = (
			);
			dependencies = (
			);
			name = buried.;
			productName = buried.;
			productReference = 28F9584B1906555F0017DCEA /* buried.app */;
			productType = "com.apple.product-type.application";
		};
/* End PBXNativeTarget section */

/* Begin PBXProject section */
		44FC429E1862667700CC948C /* Project object */ = {
			isa = PBXProject;
			attributes = {
				CLASSPREFIX = LT;
				LastUpgradeCheck = 0510;
				ORGANIZATIONNAME = "Loftier Thoughts";
				TargetAttributes = {
					44FC42A51862667700CC948C = {
						DevelopmentTeam = 3562EE5B52;
						SystemCapabilities = {
							com.apple.InAppPurchase = {
								enabled = 0;
							};
						};
					};
				};
			};
			buildConfigurationList = 44FC42A11862667700CC948C /* Build configuration list for PBXProject "buried" */;
			compatibilityVersion = "Xcode 3.2";
			developmentRegion = English;
			hasScannedForEncodings = 0;
			knownRegions = (
				en,
				Base,
				he,
			);
			mainGroup = 44FC429D1862667700CC948C;
			productRefGroup = 44FC429D1862667700CC948C;
			projectDirPath = "";
			projectRoot = "";
			targets = (
				44FC42A51862667700CC948C /* buried. */,
			);
		};
/* End PBXProject section */

/* Begin PBXResourcesBuildPhase section */
		44FC42A41862667700CC948C /* Resources */ = {
			isa = PBXResourcesBuildPhase;
			buildActionMask = 2147483647;
			files = (
				112B790D1947015E00558BE1 /* x-mark.png in Resources */,
				28FB0ED718C84DA900A37A4B /* buried-Prefix.pch in Resources */,
				2821DFC8198B3879002E23D5 /* iconmonstr-key-8-icon-48.png in Resources */,
				308D4776191ADB3E0098AEFC /* Icon@2x.png in Resources */,
				28070C5E18911E2900D465CA /* LTPhotoDetailViewController.xib in Resources */,
				308D4770191ADADF0098AEFC /* buriedlogo57x57.png in Resources */,
				281E7ABB188EA66800C85066 /* ParseIcon.png in Resources */,
				28E8AE2218C6504F00BD106C /* LTCapsuleViewController.xib in Resources */,
				2821DFCE198B3879002E23D5 /* key.png in Resources */,
				308D476B191ADADE0098AEFC /* buriedicon58x58white.png in Resources */,
				308D4771191ADADF0098AEFC /* buriedlogo80x80.png in Resources */,
				281E7ABC188EA66800C85066 /* ParseIcon@2x.png in Resources */,
				28195043198BE32F001AE270 /* iconmonstr-key-7-icon-48.png in Resources */,
				281E7ABE188EA66800C85066 /* Lime.jpg in Resources */,
				28B922D41987E13D003A87EF /* x-circlemark.png in Resources */,
				281E7AB0188EA66800C85066 /* 37x-Checkmark.png in Resources */,
				280EE1AC198B42AA0063C791 /* iconmonstr-key-8-icon-24.png in Resources */,
				308D476C191ADADF0098AEFC /* buriedicon76x76.png in Resources */,
				281E7AB5188EA66800C85066 /* Crowd.jpg in Resources */,
				2821DFCC198B3879002E23D5 /* iconmonstr-user-3-icon-48.png in Resources */,
				308D4774191ADB220098AEFC /* Icon.png in Resources */,
				281E7AC0188EA66800C85066 /* login-button-small-pressed@2x.png in Resources */,
				281E7AB8188EA66800C85066 /* Default@2x.png in Resources */,
				281E7AB7188EA66800C85066 /* Default.png in Resources */,
				281E7AB9188EA66800C85066 /* Desert.jpg in Resources */,
				287BB8E919248FD4007DAA32 /* LTThoughtDetailViewController.xib in Resources */,
				281E7AC2188EA66800C85066 /* login-button-small@2x.png in Resources */,
				281E7AC5188EA66800C85066 /* LTBuryItViewController.xib in Resources */,
				28763EA81924F5940076A636 /* buried_text_250x94.png in Resources */,
				2852DD11198E40AA00225EB5 /* buriediconcircleshine_37.png in Resources */,
				308D4772191ADADF0098AEFC /* buriedlogo120x120white.png in Resources */,
				28195040198BDD5E001AE270 /* iconmonstr-key-8-icon-40.png in Resources */,
				2821DFCD198B3879002E23D5 /* iconmonstr-user-3-icon-64.png in Resources */,
				112B790F1947019C00558BE1 /* x-mark@2x.png in Resources */,
				28195041198BDD5E001AE270 /* iconmonstr-user-3-icon-40.png in Resources */,
				2821DFC9198B3879002E23D5 /* iconmonstr-key-8-icon-64.png in Resources */,
				308D476E191ADADF0098AEFC /* buriedicon152x152white.png in Resources */,
				2821DFCA198B3879002E23D5 /* iconmonstr-user-3-icon-24.png in Resources */,
				281E7ACA188EA66800C85066 /* ParseLogo.jpg in Resources */,
				308D476D191ADADF0098AEFC /* buriedicon114x114.png in Resources */,
				2852DD17198E5EAD00225EB5 /* iconmonstr-smiley-scared-icon-37_MB.png in Resources */,
				2821DFCB198B3879002E23D5 /* iconmonstr-user-3-icon-32.png in Resources */,
				281E7AC1188EA66800C85066 /* login-button-small.png in Resources */,
				280EE1AD198B42AA0063C791 /* iconmonstr-key-8-icon-32.png in Resources */,
				2852DD13198E43E200225EB5 /* iconmonstr-smiley-wink-icon-48_MB.png in Resources */,
				28B75D031957716600593B3A /* UbertestersSDKResources.bundle in Resources */,
				28D2A21518C33354007EB808 /* LTUnearthedViewController.xib in Resources */,
				2852DD19198E5F1B00225EB5 /* iconmonstr-smiley-confused-icon-37_MB.png in Resources */,
				286D080218CB647E000B5EBE /* grassToolbar.png in Resources */,
				281E7ABF188EA66800C85066 /* login-button-small-pressed.png in Resources */,
				281E7ACB188EA66800C85066 /* Sunflowers.jpg in Resources */,
				28824A1319254A2E005F24CC /* burieddot152.png in Resources */,
				2858DA581944C33900BDAB3A /* LTStartScreenViewController.xib in Resources */,
				28B922D51987E13D003A87EF /* x-circlemark@2x.png in Resources */,
				28A6BAE1188FC1F1008C81A1 /* Images.xcassets in Resources */,
				281E7AB6188EA66800C85066 /* Default-568h@2x.png in Resources */,
				281E7AB4188EA66800C85066 /* buriedlogo_250height.png in Resources */,
				28D34E0B194CC42E002095F9 /* LTGrassViewController.xib in Resources */,
				2852DD15198E5DF100225EB5 /* iconmonstr-quote-15-icon-37_MB.png in Resources */,
				284B2D0918AC4A9000BB976F /* FPViewController_iPhone.xib in Resources */,
				308D476F191ADADF0098AEFC /* buriedlogo29x29.png in Resources */,
			);
			runOnlyForDeploymentPostprocessing = 0;
		};
/* End PBXResourcesBuildPhase section */

/* Begin PBXShellScriptBuildPhase section */
		7535FAADC78F42A2BF6FE020 /* Copy Pods Resources */ = {
			isa = PBXShellScriptBuildPhase;
			buildActionMask = 2147483647;
			files = (
			);
			inputPaths = (
			);
			name = "Copy Pods Resources";
			outputPaths = (
			);
			runOnlyForDeploymentPostprocessing = 0;
			shellPath = /bin/sh;
			shellScript = "";
			showEnvVarsInLog = 0;
		};
		F1AE3C167BB842F6BA688AF1 /* Check Pods Manifest.lock */ = {
			isa = PBXShellScriptBuildPhase;
			buildActionMask = 2147483647;
			files = (
			);
			inputPaths = (
			);
			name = "Check Pods Manifest.lock";
			outputPaths = (
			);
			runOnlyForDeploymentPostprocessing = 0;
			shellPath = /bin/sh;
			shellScript = "";
			showEnvVarsInLog = 0;
		};
/* End PBXShellScriptBuildPhase section */

/* Begin PBXSourcesBuildPhase section */
		44FC42A21862667700CC948C /* Sources */ = {
			isa = PBXSourcesBuildPhase;
			buildActionMask = 2147483647;
			files = (
				28070C5D18911E2900D465CA /* LTPhotoDetailViewController.m in Sources */,
				28D34E0A194CC42E002095F9 /* LTGrassViewController.m in Sources */,
				28E8AE2118C6504F00BD106C /* LTCapsuleViewController.m in Sources */,
				280657AC18910008007AAB22 /* UIBarButtonItem+_projectButtons.m in Sources */,
				284B2D0818AC4A9000BB976F /* FPViewController.m in Sources */,
				286E641818C30D3400CDB033 /* UIImage+ResizeAdditions.m in Sources */,
				286E641A18C30D3400CDB033 /* UIImage+RoundedCornerAdditions.m in Sources */,
				2833B0701975129E00274469 /* LTAdminTableViewController.m in Sources */,
				28D2A21418C33354007EB808 /* LTUnearthedViewController.m in Sources */,
				286E641918C30D3400CDB033 /* UIImage+AlphaAdditions.m in Sources */,
				28A6BAED188FD61C008C81A1 /* MBProgressHUD.m in Sources */,
				281E7AC3188EA66800C85066 /* LTAppDelegate.m in Sources */,
				2858DA571944C33900BDAB3A /* LTStartScreenViewController.m in Sources */,
				283949FF1978A44E0067833B /* LTForm.m in Sources */,
				281E7AC4188EA66800C85066 /* LTBuryItViewController.m in Sources */,
				287BB8E819248FD4007DAA32 /* LTThoughtDetailViewController.m in Sources */,
				281E7AC8188EA66800C85066 /* main.m in Sources */,
			);
			runOnlyForDeploymentPostprocessing = 0;
		};
/* End PBXSourcesBuildPhase section */

/* Begin XCBuildConfiguration section */
		44FC42D91862667700CC948C /* Debug */ = {
			isa = XCBuildConfiguration;
			buildSettings = {
				ALWAYS_SEARCH_USER_PATHS = NO;
				ASSETCATALOG_COMPILER_APPICON_NAME = AppIcon;
				ASSETCATALOG_COMPILER_LAUNCHIMAGE_NAME = LaunchImage;
				CLANG_CXX_LANGUAGE_STANDARD = "gnu++0x";
				CLANG_CXX_LIBRARY = "libc++";
				CLANG_ENABLE_MODULES = YES;
				CLANG_ENABLE_OBJC_ARC = YES;
				CLANG_WARN_BOOL_CONVERSION = YES;
				CLANG_WARN_CONSTANT_CONVERSION = YES;
				CLANG_WARN_DIRECT_OBJC_ISA_USAGE = YES_ERROR;
				CLANG_WARN_EMPTY_BODY = YES;
				CLANG_WARN_ENUM_CONVERSION = YES;
				CLANG_WARN_INT_CONVERSION = YES;
				CLANG_WARN_OBJC_ROOT_CLASS = YES_ERROR;
				CLANG_WARN__DUPLICATE_METHOD_MATCH = YES;
				CODE_SIGN_IDENTITY = "iPhone Developer: MITCHELL L SOLOMON (NTC94AXS7N)";
				"CODE_SIGN_IDENTITY[sdk=iphoneos*]" = "iPhone Developer: MITCHELL L SOLOMON (NTC94AXS7N)";
				COPY_PHASE_STRIP = NO;
				GCC_C_LANGUAGE_STANDARD = gnu99;
				GCC_DYNAMIC_NO_PIC = NO;
				GCC_OPTIMIZATION_LEVEL = 0;
				GCC_PREPROCESSOR_DEFINITIONS = (
					"DEBUG=1",
					"$(inherited)",
				);
				GCC_SYMBOLS_PRIVATE_EXTERN = NO;
				GCC_WARN_64_TO_32_BIT_CONVERSION = YES;
				GCC_WARN_ABOUT_RETURN_TYPE = YES_ERROR;
				GCC_WARN_UNDECLARED_SELECTOR = YES;
				GCC_WARN_UNINITIALIZED_AUTOS = YES;
				GCC_WARN_UNUSED_FUNCTION = YES;
				GCC_WARN_UNUSED_VARIABLE = YES;
				IPHONEOS_DEPLOYMENT_TARGET = 7.1;
				ONLY_ACTIVE_ARCH = YES;
				PROVISIONING_PROFILE = "88549EB7-3E76-4EAD-8EB2-722C3420F67F";
				SDKROOT = iphoneos;
				TARGETED_DEVICE_FAMILY = 1;
			};
			name = Debug;
		};
		44FC42DA1862667700CC948C /* Release */ = {
			isa = XCBuildConfiguration;
			buildSettings = {
				ALWAYS_SEARCH_USER_PATHS = NO;
				ASSETCATALOG_COMPILER_APPICON_NAME = AppIcon;
				ASSETCATALOG_COMPILER_LAUNCHIMAGE_NAME = LaunchImage;
				CLANG_CXX_LANGUAGE_STANDARD = "gnu++0x";
				CLANG_CXX_LIBRARY = "libc++";
				CLANG_ENABLE_MODULES = YES;
				CLANG_ENABLE_OBJC_ARC = YES;
				CLANG_WARN_BOOL_CONVERSION = YES;
				CLANG_WARN_CONSTANT_CONVERSION = YES;
				CLANG_WARN_DIRECT_OBJC_ISA_USAGE = YES_ERROR;
				CLANG_WARN_EMPTY_BODY = YES;
				CLANG_WARN_ENUM_CONVERSION = YES;
				CLANG_WARN_INT_CONVERSION = YES;
				CLANG_WARN_OBJC_ROOT_CLASS = YES_ERROR;
				CLANG_WARN__DUPLICATE_METHOD_MATCH = YES;
				CODE_SIGN_IDENTITY = "iPhone Developer: MITCHELL L SOLOMON (NTC94AXS7N)";
				"CODE_SIGN_IDENTITY[sdk=iphoneos*]" = "iPhone Developer: MITCHELL L SOLOMON (NTC94AXS7N)";
				COPY_PHASE_STRIP = YES;
				ENABLE_NS_ASSERTIONS = NO;
				GCC_C_LANGUAGE_STANDARD = gnu99;
				GCC_WARN_64_TO_32_BIT_CONVERSION = YES;
				GCC_WARN_ABOUT_RETURN_TYPE = YES_ERROR;
				GCC_WARN_UNDECLARED_SELECTOR = YES;
				GCC_WARN_UNINITIALIZED_AUTOS = YES;
				GCC_WARN_UNUSED_FUNCTION = YES;
				GCC_WARN_UNUSED_VARIABLE = YES;
				IPHONEOS_DEPLOYMENT_TARGET = 7.1;
				PROVISIONING_PROFILE = "88549EB7-3E76-4EAD-8EB2-722C3420F67F";
				SDKROOT = iphoneos;
				TARGETED_DEVICE_FAMILY = 1;
				VALIDATE_PRODUCT = YES;
			};
			name = Release;
		};
		44FC42DC1862667700CC948C /* Debug */ = {
			isa = XCBuildConfiguration;
			buildSettings = {
				ASSETCATALOG_COMPILER_LAUNCHIMAGE_NAME = LaunchImage;
				CODE_SIGN_IDENTITY = "iPhone Developer: MITCHELL L SOLOMON (NTC94AXS7N)";
				"CODE_SIGN_IDENTITY[sdk=iphoneos*]" = "iPhone Developer";
				FRAMEWORK_SEARCH_PATHS = (
					"$(inherited)",
					"~/Documents",
					"$(PROJECT_DIR)/UbertestersSDK",
					/Users/patrickblaine/Documents/FacebookSDK,
					"$(PROJECT_DIR)/Documents",
					"$(PROJECT_DIR)/Documents/FacebookSDK",
					"$(PROJECT_DIR)/Documents/FacebookSDK/FBAudienceNetwork",
				);
				GCC_PRECOMPILE_PREFIX_HEADER = YES;
				GCC_PREFIX_HEADER = "buried/buried-Prefix.pch";
				HEADER_SEARCH_PATHS = "$(inherited)";
				INFOPLIST_FILE = "buried/buried-Info.plist";
				LIBRARY_SEARCH_PATHS = (
					"$(inherited)",
					"$(PROJECT_DIR)",
				);
				OTHER_LDFLAGS = (
					"-v",
					"-fobjc-arc",
				);
				PRODUCT_NAME = buried;
				PROVISIONING_PROFILE = "FF108519-2B4B-4092-A724-E07B113BEFD3";
				WARNING_LDFLAGS = "-v";
				WRAPPER_EXTENSION = app;
			};
			name = Debug;
		};
		44FC42DD1862667700CC948C /* Release */ = {
			isa = XCBuildConfiguration;
			buildSettings = {
				ASSETCATALOG_COMPILER_LAUNCHIMAGE_NAME = LaunchImage;
				CODE_SIGN_IDENTITY = "iPhone Developer: MITCHELL L SOLOMON (NTC94AXS7N)";
				"CODE_SIGN_IDENTITY[sdk=iphoneos*]" = "iPhone Developer";
				FRAMEWORK_SEARCH_PATHS = (
					"$(inherited)",
					"~/Documents",
					"$(PROJECT_DIR)/UbertestersSDK",
					/Users/patrickblaine/Documents/FacebookSDK,
					"$(PROJECT_DIR)/Documents",
					"$(PROJECT_DIR)/Documents/FacebookSDK",
					"$(PROJECT_DIR)/Documents/FacebookSDK/FBAudienceNetwork",
				);
				GCC_PRECOMPILE_PREFIX_HEADER = YES;
				GCC_PREFIX_HEADER = "buried/buried-Prefix.pch";
				HEADER_SEARCH_PATHS = "$(inherited)";
				INFOPLIST_FILE = "buried/buried-Info.plist";
				LIBRARY_SEARCH_PATHS = (
					"$(inherited)",
					"$(PROJECT_DIR)",
				);
				OTHER_LDFLAGS = (
					"-v",
					"-fobjc-arc",
				);
				PRODUCT_NAME = buried;
				PROVISIONING_PROFILE = "FF108519-2B4B-4092-A724-E07B113BEFD3";
				WARNING_LDFLAGS = "-v";
				WRAPPER_EXTENSION = app;
			};
			name = Release;
		};
/* End XCBuildConfiguration section */

/* Begin XCConfigurationList section */
		44FC42A11862667700CC948C /* Build configuration list for PBXProject "buried" */ = {
			isa = XCConfigurationList;
			buildConfigurations = (
				44FC42D91862667700CC948C /* Debug */,
				44FC42DA1862667700CC948C /* Release */,
			);
			defaultConfigurationIsVisible = 0;
			defaultConfigurationName = Release;
		};
		44FC42DB1862667700CC948C /* Build configuration list for PBXNativeTarget "buried." */ = {
			isa = XCConfigurationList;
			buildConfigurations = (
				44FC42DC1862667700CC948C /* Debug */,
				44FC42DD1862667700CC948C /* Release */,
			);
			defaultConfigurationIsVisible = 0;
			defaultConfigurationName = Release;
		};
/* End XCConfigurationList section */
	};
	rootObject = 44FC429E1862667700CC948C /* Project object */;
}
